
Microsoft Visual Studio Solution File, Format Version 12.00
# Visual Studio 15
VisualStudioVersion = 15.0.28307.421
MinimumVisualStudioVersion = 10.0.40219.1
Project("{FAE04EC0-301F-11D3-BF4B-00C04F79EFBC}") = "FSL.Framework.Core", "FSL.Framework.Core\FSL.Framework.Core.csproj", "{57E435C8-3620-45EA-9E61-18A9DD122D8C}"
EndProject
Global
	GlobalSection(SolutionConfigurationPlatforms) = preSolution
		Debug|Any CPU = Debug|Any CPU
		Release|Any CPU = Release|Any CPU
	EndGlobalSection
	GlobalSection(ProjectConfigurationPlatforms) = postSolution
		{57E435C8-3620-45EA-9E61-18A9DD122D8C}.Debug|Any CPU.ActiveCfg = Debug|Any CPU
		{57E435C8-3620-45EA-9E61-18A9DD122D8C}.Debug|Any CPU.Build.0 = Debug|Any CPU
		{57E435C8-3620-45EA-9E61-18A9DD122D8C}.Release|Any CPU.ActiveCfg = Release|Any CPU
		{57E435C8-3620-45EA-9E61-18A9DD122D8C}.Release|Any CPU.Build.0 = Release|Any CPU
	EndGlobalSection
	GlobalSection(SolutionProperties) = preSolution
		HideSolutionNode = FALSE
	EndGlobalSection
	GlobalSection(ExtensibilityGlobals) = postSolution
		SolutionGuid = {001411B2-F2F5-4A2D-8DF4-86800EC0A460}
	EndGlobalSection
EndGlobal
